
Microsoft Visual Studio Solution File, Format Version 12.00
# Visual Studio Version 17
VisualStudioVersion = 17.14.36603.0 d17.14
MinimumVisualStudioVersion = 10.0.40219.1
Project("{FAE04EC0-301F-11D3-BF4B-00C04F79EFBC}") = "VOoo", "VOoo\VOoo.csproj", "{8F632263-7CD8-4682-A576-FC64DFDBB0AF}"
EndProject
Global
	GlobalSection(SolutionConfigurationPlatforms) = preSolution
		Debug|Any CPU = Debug|Any CPU
		Release|Any CPU = Release|Any CPU
	EndGlobalSection
	GlobalSection(ProjectConfigurationPlatforms) = postSolution
		{8F632263-7CD8-4682-A576-FC64DFDBB0AF}.Debug|Any CPU.ActiveCfg = Debug|Any CPU
		{8F632263-7CD8-4682-A576-FC64DFDBB0AF}.Debug|Any CPU.Build.0 = Debug|Any CPU
		{8F632263-7CD8-4682-A576-FC64DFDBB0AF}.Release|Any CPU.ActiveCfg = Release|Any CPU
		{8F632263-7CD8-4682-A576-FC64DFDBB0AF}.Release|Any CPU.Build.0 = Release|Any CPU
	EndGlobalSection
	GlobalSection(SolutionProperties) = preSolution
		HideSolutionNode = FALSE
	EndGlobalSection
	GlobalSection(ExtensibilityGlobals) = postSolution
		SolutionGuid = {8E9210AC-5D61-431E-A459-A3544BF497AB}
	EndGlobalSection
EndGlobal
